
Microsoft Visual Studio Solution File, Format Version 12.00
# Visual Studio 2015
Project("{FAE04EC0-301F-11D3-BF4B-00C04F79EFBC}") = "UnityVS.LOLforUnity.CSharp", "UnityVS.LOLforUnity.CSharp.csproj", "{7572D8A3-3EF9-44E0-359D-65B4DFD99514}"
EndProject
Global
	GlobalSection(SolutionConfigurationPlatforms) = preSolution
		Debug|Any CPU = Debug|Any CPU
		Release|Any CPU = Release|Any CPU
	EndGlobalSection
	GlobalSection(ProjectConfigurationPlatforms) = postSolution
		{7572D8A3-3EF9-44E0-359D-65B4DFD99514}.Debug|Any CPU.ActiveCfg = Debug|Any CPU
		{7572D8A3-3EF9-44E0-359D-65B4DFD99514}.Debug|Any CPU.Build.0 = Debug|Any CPU
		{7572D8A3-3EF9-44E0-359D-65B4DFD99514}.Release|Any CPU.ActiveCfg = Release|Any CPU
		{7572D8A3-3EF9-44E0-359D-65B4DFD99514}.Release|Any CPU.Build.0 = Release|Any CPU
	EndGlobalSection
	GlobalSection(SolutionProperties) = preSolution
		HideSolutionNode = FALSE
	EndGlobalSection
EndGlobal
